
Microsoft Visual Studio Solution File, Format Version 12.00
# Visual Studio Version 17
VisualStudioVersion = 17.1.32210.238
MinimumVisualStudioVersion = 10.0.40219.1
Project("{FAE04EC0-301F-11D3-BF4B-00C04F79EFBC}") = "yakov.TI", "yakov.TI\yakov.TI.csproj", "{D7D6910E-A718-4029-BBA4-6B7848B0191B}"
EndProject
Project("{9A19103F-16F7-4668-BE54-9A1E7A4F7556}") = "yakov.TI.Lab1", "yakov.TI.Lab1\yakov.TI.Lab1.csproj", "{A0ACFAB0-90F1-45E3-AD60-548B0B8D1E19}"
EndProject
Project("{FAE04EC0-301F-11D3-BF4B-00C04F79EFBC}") = "yakov.TI.Lab2", "yakov.TI.Lab2\yakov.TI.Lab2.csproj", "{3D03F38F-149C-4846-B018-74F18BF6AEAC}"
EndProject
Project("{FAE04EC0-301F-11D3-BF4B-00C04F79EFBC}") = "yakov.TI.Lab3", "yakov.TI.Lab3\yakov.TI.Lab3.csproj", "{15EA2C5C-285E-443D-8F36-6241F076D72F}"
EndProject
Project("{FAE04EC0-301F-11D3-BF4B-00C04F79EFBC}") = "yakov.TI.Lab4", "yakov.TI.Lab4\yakov.TI.Lab4.csproj", "{86B66EB3-B886-4D4F-9E8B-9898CE1BFA41}"
EndProject
Global
	GlobalSection(SolutionConfigurationPlatforms) = preSolution
		Debug|Any CPU = Debug|Any CPU
		Release|Any CPU = Release|Any CPU
	EndGlobalSection
	GlobalSection(ProjectConfigurationPlatforms) = postSolution
		{D7D6910E-A718-4029-BBA4-6B7848B0191B}.Debug|Any CPU.ActiveCfg = Debug|Any CPU
		{D7D6910E-A718-4029-BBA4-6B7848B0191B}.Debug|Any CPU.Build.0 = Debug|Any CPU
		{D7D6910E-A718-4029-BBA4-6B7848B0191B}.Release|Any CPU.ActiveCfg = Release|Any CPU
		{D7D6910E-A718-4029-BBA4-6B7848B0191B}.Release|Any CPU.Build.0 = Release|Any CPU
		{A0ACFAB0-90F1-45E3-AD60-548B0B8D1E19}.Debug|Any CPU.ActiveCfg = Debug|Any CPU
		{A0ACFAB0-90F1-45E3-AD60-548B0B8D1E19}.Debug|Any CPU.Build.0 = Debug|Any CPU
		{A0ACFAB0-90F1-45E3-AD60-548B0B8D1E19}.Release|Any CPU.ActiveCfg = Release|Any CPU
		{A0ACFAB0-90F1-45E3-AD60-548B0B8D1E19}.Release|Any CPU.Build.0 = Release|Any CPU
		{3D03F38F-149C-4846-B018-74F18BF6AEAC}.Debug|Any CPU.ActiveCfg = Debug|Any CPU
		{3D03F38F-149C-4846-B018-74F18BF6AEAC}.Debug|Any CPU.Build.0 = Debug|Any CPU
		{3D03F38F-149C-4846-B018-74F18BF6AEAC}.Release|Any CPU.ActiveCfg = Release|Any CPU
		{3D03F38F-149C-4846-B018-74F18BF6AEAC}.Release|Any CPU.Build.0 = Release|Any CPU
		{15EA2C5C-285E-443D-8F36-6241F076D72F}.Debug|Any CPU.ActiveCfg = Debug|Any CPU
		{15EA2C5C-285E-443D-8F36-6241F076D72F}.Debug|Any CPU.Build.0 = Debug|Any CPU
		{15EA2C5C-285E-443D-8F36-6241F076D72F}.Release|Any CPU.ActiveCfg = Release|Any CPU
		{15EA2C5C-285E-443D-8F36-6241F076D72F}.Release|Any CPU.Build.0 = Release|Any CPU
		{86B66EB3-B886-4D4F-9E8B-9898CE1BFA41}.Debug|Any CPU.ActiveCfg = Debug|Any CPU
		{86B66EB3-B886-4D4F-9E8B-9898CE1BFA41}.Debug|Any CPU.Build.0 = Debug|Any CPU
		{86B66EB3-B886-4D4F-9E8B-9898CE1BFA41}.Release|Any CPU.ActiveCfg = Release|Any CPU
		{86B66EB3-B886-4D4F-9E8B-9898CE1BFA41}.Release|Any CPU.Build.0 = Release|Any CPU
	EndGlobalSection
	GlobalSection(SolutionProperties) = preSolution
		HideSolutionNode = FALSE
	EndGlobalSection
	GlobalSection(ExtensibilityGlobals) = postSolution
		SolutionGuid = {7AE69525-E2F6-43B4-A147-8E392376AE53}
	EndGlobalSection
EndGlobal
